
Microsoft Visual Studio Solution File, Format Version 12.00
# Visual Studio Version 17
VisualStudioVersion = 17.8.34330.188
MinimumVisualStudioVersion = 10.0.40219.1
Project("{9A19103F-16F7-4668-BE54-9A1E7A4F7556}") = "YeahGame", "YeahGame.csproj", "{3201C966-E9BB-49BE-887B-9CC1E962F8C0}"
EndProject
Project("{9A19103F-16F7-4668-BE54-9A1E7A4F7556}") = "Win32", "..\Win32-Stuff\Win32.csproj", "{D6308E48-FB51-4686-9ED0-AA9E3E67A0AA}"
EndProject
Global
	GlobalSection(SolutionConfigurationPlatforms) = preSolution
		Debug|Any CPU = Debug|Any CPU
		Release|Any CPU = Release|Any CPU
	EndGlobalSection
	GlobalSection(ProjectConfigurationPlatforms) = postSolution
		{3201C966-E9BB-49BE-887B-9CC1E962F8C0}.Debug|Any CPU.ActiveCfg = Debug|Any CPU
		{3201C966-E9BB-49BE-887B-9CC1E962F8C0}.Debug|Any CPU.Build.0 = Debug|Any CPU
		{3201C966-E9BB-49BE-887B-9CC1E962F8C0}.Release|Any CPU.ActiveCfg = Release|Any CPU
		{3201C966-E9BB-49BE-887B-9CC1E962F8C0}.Release|Any CPU.Build.0 = Release|Any CPU
		{D6308E48-FB51-4686-9ED0-AA9E3E67A0AA}.Debug|Any CPU.ActiveCfg = Debug|Any CPU
		{D6308E48-FB51-4686-9ED0-AA9E3E67A0AA}.Debug|Any CPU.Build.0 = Debug|Any CPU
		{D6308E48-FB51-4686-9ED0-AA9E3E67A0AA}.Release|Any CPU.ActiveCfg = Release|Any CPU
		{D6308E48-FB51-4686-9ED0-AA9E3E67A0AA}.Release|Any CPU.Build.0 = Release|Any CPU
	EndGlobalSection
	GlobalSection(SolutionProperties) = preSolution
		HideSolutionNode = FALSE
	EndGlobalSection
	GlobalSection(ExtensibilityGlobals) = postSolution
		SolutionGuid = {4A4F5E8D-89EF-4683-92A4-B00064281750}
	EndGlobalSection
EndGlobal
